
Microsoft Visual Studio Solution File, Format Version 12.00
# Visual Studio Version 17
VisualStudioVersion = 17.0.31903.59
MinimumVisualStudioVersion = 10.0.40219.1
Project("{9A19103F-16F7-4668-BE54-9A1E7A4F7556}") = "ClopWindows.Core", "Core\ClopWindows.Core.csproj", "{D8DC7D57-6E30-45BF-9965-3528FBB8A5D4}"
EndProject
Project("{9A19103F-16F7-4668-BE54-9A1E7A4F7556}") = "ClopWindows.BackgroundService", "BackgroundService\ClopWindows.BackgroundService.csproj", "{0A700D94-B9C9-4A60-BF92-9D3C55007214}"
EndProject
Project("{9A19103F-16F7-4668-BE54-9A1E7A4F7556}") = "ClopWindows.CliBridge", "CliBridge\ClopWindows.CliBridge.csproj", "{D3B8E3F6-8C9F-4D7E-80C2-10797FD6FF30}"
EndProject
Project("{9A19103F-16F7-4668-BE54-9A1E7A4F7556}") = "ClopWindows.Integrations.Explorer", "Integrations\Explorer\ClopWindows.Integrations.Explorer.csproj", "{87C96719-41BF-40D0-B0F8-0A81DDA61F0F}"
EndProject
Project("{9A19103F-16F7-4668-BE54-9A1E7A4F7556}") = "ClopWindows.App", "App\ClopWindows.App.csproj", "{438836F1-7B03-4AC2-8F25-5740D37D776C}"
EndProject
Project("{9A19103F-16F7-4668-BE54-9A1E7A4F7556}") = "Core.Tests", "..\tests\Core.Tests\Core.Tests.csproj", "{C3C09D7D-75B4-4F46-8F78-5CD87F799B08}"
EndProject
Global
	GlobalSection(SolutionConfigurationPlatforms) = preSolution
		Debug|Any CPU = Debug|Any CPU
		Release|Any CPU = Release|Any CPU
	EndGlobalSection
	GlobalSection(ProjectConfigurationPlatforms) = postSolution
		{D8DC7D57-6E30-45BF-9965-3528FBB8A5D4}.Debug|Any CPU.ActiveCfg = Debug|Any CPU
		{D8DC7D57-6E30-45BF-9965-3528FBB8A5D4}.Debug|Any CPU.Build.0 = Debug|Any CPU
		{D8DC7D57-6E30-45BF-9965-3528FBB8A5D4}.Release|Any CPU.ActiveCfg = Release|Any CPU
		{D8DC7D57-6E30-45BF-9965-3528FBB8A5D4}.Release|Any CPU.Build.0 = Release|Any CPU
		{0A700D94-B9C9-4A60-BF92-9D3C55007214}.Debug|Any CPU.ActiveCfg = Debug|Any CPU
		{0A700D94-B9C9-4A60-BF92-9D3C55007214}.Debug|Any CPU.Build.0 = Debug|Any CPU
		{0A700D94-B9C9-4A60-BF92-9D3C55007214}.Release|Any CPU.ActiveCfg = Release|Any CPU
		{0A700D94-B9C9-4A60-BF92-9D3C55007214}.Release|Any CPU.Build.0 = Release|Any CPU
		{D3B8E3F6-8C9F-4D7E-80C2-10797FD6FF30}.Debug|Any CPU.ActiveCfg = Debug|Any CPU
		{D3B8E3F6-8C9F-4D7E-80C2-10797FD6FF30}.Debug|Any CPU.Build.0 = Debug|Any CPU
		{D3B8E3F6-8C9F-4D7E-80C2-10797FD6FF30}.Release|Any CPU.ActiveCfg = Release|Any CPU
		{D3B8E3F6-8C9F-4D7E-80C2-10797FD6FF30}.Release|Any CPU.Build.0 = Release|Any CPU
		{87C96719-41BF-40D0-B0F8-0A81DDA61F0F}.Debug|Any CPU.ActiveCfg = Debug|Any CPU
		{87C96719-41BF-40D0-B0F8-0A81DDA61F0F}.Debug|Any CPU.Build.0 = Debug|Any CPU
		{87C96719-41BF-40D0-B0F8-0A81DDA61F0F}.Release|Any CPU.ActiveCfg = Release|Any CPU
		{87C96719-41BF-40D0-B0F8-0A81DDA61F0F}.Release|Any CPU.Build.0 = Release|Any CPU
		{438836F1-7B03-4AC2-8F25-5740D37D776C}.Debug|Any CPU.ActiveCfg = Debug|Any CPU
		{438836F1-7B03-4AC2-8F25-5740D37D776C}.Debug|Any CPU.Build.0 = Debug|Any CPU
		{438836F1-7B03-4AC2-8F25-5740D37D776C}.Release|Any CPU.ActiveCfg = Release|Any CPU
		{438836F1-7B03-4AC2-8F25-5740D37D776C}.Release|Any CPU.Build.0 = Release|Any CPU
		{C3C09D7D-75B4-4F46-8F78-5CD87F799B08}.Debug|Any CPU.ActiveCfg = Debug|Any CPU
		{C3C09D7D-75B4-4F46-8F78-5CD87F799B08}.Debug|Any CPU.Build.0 = Debug|Any CPU
		{C3C09D7D-75B4-4F46-8F78-5CD87F799B08}.Release|Any CPU.ActiveCfg = Release|Any CPU
		{C3C09D7D-75B4-4F46-8F78-5CD87F799B08}.Release|Any CPU.Build.0 = Release|Any CPU
	EndGlobalSection
	GlobalSection(SolutionProperties) = preSolution
		HideSolutionNode = FALSE
	EndGlobalSection
EndGlobal
